
Microsoft Visual Studio Solution File, Format Version 12.00
# Visual Studio Version 17
VisualStudioVersion = 17.3.32825.248
MinimumVisualStudioVersion = 10.0.40219.1
Project("{9A19103F-16F7-4668-BE54-9A1E7A4F7556}") = "OperationResults", "src\OperationResults\OperationResults.csproj", "{A7A08C14-9A87-43CD-9D9F-4313C63E75DB}"
EndProject
Project("{2150E333-8FDC-42A3-9474-1A3956D46DE8}") = "Solution Items", "Solution Items", "{FB48579A-CE88-4537-AA7E-1AB752B9ED8C}"
	ProjectSection(SolutionItems) = preProject
		.editorconfig = .editorconfig
		src\Directory.Build.props = src\Directory.Build.props
	EndProjectSection
EndProject
Project("{2150E333-8FDC-42A3-9474-1A3956D46DE8}") = "samples", "samples", "{40EA0531-BCD9-4D33-9114-D1BB9EA7DDBA}"
EndProject
Project("{9A19103F-16F7-4668-BE54-9A1E7A4F7556}") = "OperationResults.Sample", "samples\Controllers\OperationResults.Sample\OperationResults.Sample.csproj", "{11C60254-4212-42ED-ACDF-CAC830E8BEB8}"
EndProject
Project("{9A19103F-16F7-4668-BE54-9A1E7A4F7556}") = "OperationResults.AspNetCore", "src\OperationResults.AspNetCore\OperationResults.AspNetCore.csproj", "{375F6E50-F06A-4832-A712-D2C7A195DE64}"
EndProject
Project("{9A19103F-16F7-4668-BE54-9A1E7A4F7556}") = "OperationResults.Sample.BusinessLayer", "samples\OperationResults.Sample.BusinessLayer\OperationResults.Sample.BusinessLayer.csproj", "{2F6D04EA-8B0C-44E3-A483-CC02D376A817}"
EndProject
Project("{9A19103F-16F7-4668-BE54-9A1E7A4F7556}") = "OperationResults.Sample.DataAccessLayer", "samples\OperationResults.Sample.DataAccessLayer\OperationResults.Sample.DataAccessLayer.csproj", "{0336F79E-CB4A-435C-A1DE-AD2E8621F106}"
EndProject
Project("{9A19103F-16F7-4668-BE54-9A1E7A4F7556}") = "OperationResults.Sample.Shared", "samples\OperationResults.Sample.Shared\OperationResults.Sample.Shared.csproj", "{A6935B6E-0E91-4B72-9B0D-083918292998}"
EndProject
Project("{2150E333-8FDC-42A3-9474-1A3956D46DE8}") = "Controllers", "Controllers", "{6A120E62-C0F2-487F-BC61-D29FCD42F8ED}"
EndProject
Project("{9A19103F-16F7-4668-BE54-9A1E7A4F7556}") = "OperationResults.AspNetCore.Http", "src\OperationResults.AspNetCore.Http\OperationResults.AspNetCore.Http.csproj", "{8AC51433-3F1A-43F8-A217-674A58716577}"
EndProject
Project("{2150E333-8FDC-42A3-9474-1A3956D46DE8}") = "Minimal APIs", "Minimal APIs", "{085A97A4-3BFB-458C-868F-8B9437260664}"
EndProject
Project("{9A19103F-16F7-4668-BE54-9A1E7A4F7556}") = "OperationResults.Sample", "samples\MinimalApis\OperationResults.Sample\OperationResults.Sample.csproj", "{15965E02-9802-42B1-9CA5-7E5A84395477}"
EndProject
Global
	GlobalSection(SolutionConfigurationPlatforms) = preSolution
		Debug|Any CPU = Debug|Any CPU
		Release|Any CPU = Release|Any CPU
	EndGlobalSection
	GlobalSection(ProjectConfigurationPlatforms) = postSolution
		{A7A08C14-9A87-43CD-9D9F-4313C63E75DB}.Debug|Any CPU.ActiveCfg = Debug|Any CPU
		{A7A08C14-9A87-43CD-9D9F-4313C63E75DB}.Debug|Any CPU.Build.0 = Debug|Any CPU
		{A7A08C14-9A87-43CD-9D9F-4313C63E75DB}.Release|Any CPU.ActiveCfg = Release|Any CPU
		{A7A08C14-9A87-43CD-9D9F-4313C63E75DB}.Release|Any CPU.Build.0 = Release|Any CPU
		{11C60254-4212-42ED-ACDF-CAC830E8BEB8}.Debug|Any CPU.ActiveCfg = Debug|Any CPU
		{11C60254-4212-42ED-ACDF-CAC830E8BEB8}.Debug|Any CPU.Build.0 = Debug|Any CPU
		{11C60254-4212-42ED-ACDF-CAC830E8BEB8}.Release|Any CPU.ActiveCfg = Release|Any CPU
		{11C60254-4212-42ED-ACDF-CAC830E8BEB8}.Release|Any CPU.Build.0 = Release|Any CPU
		{375F6E50-F06A-4832-A712-D2C7A195DE64}.Debug|Any CPU.ActiveCfg = Debug|Any CPU
		{375F6E50-F06A-4832-A712-D2C7A195DE64}.Debug|Any CPU.Build.0 = Debug|Any CPU
		{375F6E50-F06A-4832-A712-D2C7A195DE64}.Release|Any CPU.ActiveCfg = Release|Any CPU
		{375F6E50-F06A-4832-A712-D2C7A195DE64}.Release|Any CPU.Build.0 = Release|Any CPU
		{2F6D04EA-8B0C-44E3-A483-CC02D376A817}.Debug|Any CPU.ActiveCfg = Debug|Any CPU
		{2F6D04EA-8B0C-44E3-A483-CC02D376A817}.Debug|Any CPU.Build.0 = Debug|Any CPU
		{2F6D04EA-8B0C-44E3-A483-CC02D376A817}.Release|Any CPU.ActiveCfg = Release|Any CPU
		{2F6D04EA-8B0C-44E3-A483-CC02D376A817}.Release|Any CPU.Build.0 = Release|Any CPU
		{0336F79E-CB4A-435C-A1DE-AD2E8621F106}.Debug|Any CPU.ActiveCfg = Debug|Any CPU
		{0336F79E-CB4A-435C-A1DE-AD2E8621F106}.Debug|Any CPU.Build.0 = Debug|Any CPU
		{0336F79E-CB4A-435C-A1DE-AD2E8621F106}.Release|Any CPU.ActiveCfg = Release|Any CPU
		{0336F79E-CB4A-435C-A1DE-AD2E8621F106}.Release|Any CPU.Build.0 = Release|Any CPU
		{A6935B6E-0E91-4B72-9B0D-083918292998}.Debug|Any CPU.ActiveCfg = Debug|Any CPU
		{A6935B6E-0E91-4B72-9B0D-083918292998}.Debug|Any CPU.Build.0 = Debug|Any CPU
		{A6935B6E-0E91-4B72-9B0D-083918292998}.Release|Any CPU.ActiveCfg = Release|Any CPU
		{A6935B6E-0E91-4B72-9B0D-083918292998}.Release|Any CPU.Build.0 = Release|Any CPU
		{8AC51433-3F1A-43F8-A217-674A58716577}.Debug|Any CPU.ActiveCfg = Debug|Any CPU
		{8AC51433-3F1A-43F8-A217-674A58716577}.Debug|Any CPU.Build.0 = Debug|Any CPU
		{8AC51433-3F1A-43F8-A217-674A58716577}.Release|Any CPU.ActiveCfg = Release|Any CPU
		{8AC51433-3F1A-43F8-A217-674A58716577}.Release|Any CPU.Build.0 = Release|Any CPU
		{15965E02-9802-42B1-9CA5-7E5A84395477}.Debug|Any CPU.ActiveCfg = Debug|Any CPU
		{15965E02-9802-42B1-9CA5-7E5A84395477}.Debug|Any CPU.Build.0 = Debug|Any CPU
		{15965E02-9802-42B1-9CA5-7E5A84395477}.Release|Any CPU.ActiveCfg = Release|Any CPU
		{15965E02-9802-42B1-9CA5-7E5A84395477}.Release|Any CPU.Build.0 = Release|Any CPU
	EndGlobalSection
	GlobalSection(SolutionProperties) = preSolution
		HideSolutionNode = FALSE
	EndGlobalSection
	GlobalSection(NestedProjects) = preSolution
		{11C60254-4212-42ED-ACDF-CAC830E8BEB8} = {6A120E62-C0F2-487F-BC61-D29FCD42F8ED}
		{2F6D04EA-8B0C-44E3-A483-CC02D376A817} = {40EA0531-BCD9-4D33-9114-D1BB9EA7DDBA}
		{0336F79E-CB4A-435C-A1DE-AD2E8621F106} = {40EA0531-BCD9-4D33-9114-D1BB9EA7DDBA}
		{A6935B6E-0E91-4B72-9B0D-083918292998} = {40EA0531-BCD9-4D33-9114-D1BB9EA7DDBA}
		{6A120E62-C0F2-487F-BC61-D29FCD42F8ED} = {40EA0531-BCD9-4D33-9114-D1BB9EA7DDBA}
		{085A97A4-3BFB-458C-868F-8B9437260664} = {40EA0531-BCD9-4D33-9114-D1BB9EA7DDBA}
		{15965E02-9802-42B1-9CA5-7E5A84395477} = {085A97A4-3BFB-458C-868F-8B9437260664}
	EndGlobalSection
	GlobalSection(ExtensibilityGlobals) = postSolution
		SolutionGuid = {50A270E1-9794-4558-BAE7-8E7BFDF45AD1}
	EndGlobalSection
EndGlobal
